{
  "requires": true,
  "lockfileVersion": 1,
  "dependencies": {
    "@types/node": {
      "version": "14.11.5",
      "resolved": "https://registry.npmjs.org/@types/node/-/node-14.11.5.tgz",
      "integrity": "sha512-jVFzDV6NTbrLMxm4xDSIW/gKnk8rQLF9wAzLWIOg+5nU6ACrIMndeBdXci0FGtqJbP9tQvm6V39eshc96TO2wQ=="
    },
    "@types/papaparse": {
      "version": "5.2.3",
      "resolved": "https://registry.npmjs.org/@types/papaparse/-/papaparse-5.2.3.tgz",
      "integrity": "sha512-7+VJ1qEn7YRxH2MI/P6EnGMjkArU+uXRBJIpOJIGE+MGySFtLysyCr+EUwxnw6NsSfkXiHiDmaeka1Dpa7jrrw==",
      "requires": {
        "@types/node": "*"
      }
    },
    "papaparse": {
      "version": "5.3.0",
      "resolved": "https://registry.npmjs.org/papaparse/-/papaparse-5.3.0.tgz",
      "integrity": "sha512-Lb7jN/4bTpiuGPrYy4tkKoUS8sTki8zacB5ke1p5zolhcSE4TlWgrlsxjrDTbG/dFVh07ck7X36hUf/b5V68pg=="
    }
  }
}
